{
  "name": "Day11",
  "lockfileVersion": 2,
  "requires": true,
  "packages": {
    "": {
      "dependencies": {
        "big-js": "^3.1.3"
      }
    },
    "node_modules/big-js": {
      "version": "3.1.3",
      "resolved": "https://registry.npmjs.org/big-js/-/big-js-3.1.3.tgz",
      "integrity": "sha512-u0gCB6bcqgnAmQorJ9mPtyQsq2sgLorynSxrABel3pmOzI6BCjJU0GMa+qT6TENwBLzA2cxPIak+I/FW+sHZZA==",
      "engines": {
        "node": "*"
      }
    }
  },
  "dependencies": {
    "big-js": {
      "version": "3.1.3",
      "resolved": "https://registry.npmjs.org/big-js/-/big-js-3.1.3.tgz",
      "integrity": "sha512-u0gCB6bcqgnAmQorJ9mPtyQsq2sgLorynSxrABel3pmOzI6BCjJU0GMa+qT6TENwBLzA2cxPIak+I/FW+sHZZA=="
    }
  }
}
